
Microsoft Visual Studio Solution File, Format Version 12.00
# Visual Studio 2017
Project("{FAE04EC0-301F-11D3-BF4B-00C04F79EFBC}") = "ProjectMinster", "ProjectMinster.csproj", "{3F132447-D0FA-2695-CED6-DB74233D51F4}"
EndProject
Project("{FAE04EC0-301F-11D3-BF4B-00C04F79EFBC}") = "ProjectMinster.Editor", "ProjectMinster.Editor.csproj", "{683D4286-E7DE-3414-9F6D-C8F831F0CB9A}"
EndProject
Global
	GlobalSection(SolutionConfigurationPlatforms) = preSolution
		Debug|Any CPU = Debug|Any CPU
		Release|Any CPU = Release|Any CPU
	EndGlobalSection
	GlobalSection(ProjectConfigurationPlatforms) = postSolution
		{3F132447-D0FA-2695-CED6-DB74233D51F4}.Debug|Any CPU.ActiveCfg = Debug|Any CPU
		{3F132447-D0FA-2695-CED6-DB74233D51F4}.Debug|Any CPU.Build.0 = Debug|Any CPU
		{3F132447-D0FA-2695-CED6-DB74233D51F4}.Release|Any CPU.ActiveCfg = Release|Any CPU
		{3F132447-D0FA-2695-CED6-DB74233D51F4}.Release|Any CPU.Build.0 = Release|Any CPU
		{683D4286-E7DE-3414-9F6D-C8F831F0CB9A}.Debug|Any CPU.ActiveCfg = Debug|Any CPU
		{683D4286-E7DE-3414-9F6D-C8F831F0CB9A}.Debug|Any CPU.Build.0 = Debug|Any CPU
		{683D4286-E7DE-3414-9F6D-C8F831F0CB9A}.Release|Any CPU.ActiveCfg = Release|Any CPU
		{683D4286-E7DE-3414-9F6D-C8F831F0CB9A}.Release|Any CPU.Build.0 = Release|Any CPU
	EndGlobalSection
	GlobalSection(SolutionProperties) = preSolution
		HideSolutionNode = FALSE
	EndGlobalSection
EndGlobal
